github.com/bradleypeabody/gouuidv6 v0.0.0-20210725191436-99413e4b686d h1:454g/3YuIhaUvxW62zglpNKqcdCkKW78sMxYzXcpW/U=
github.com/bradleypeabody/gouuidv6 v0.0.0-20210725191436-99413e4b686d/go.mod h1:i65jnBI74o8BgpwHXpADphZwnTJhDUDBTE/ICnGun6I=
github.com/lib/pq v1.10.3 h1:v9QZf2Sn6AmjXtQeFpdoq/eaNtYP6IN+7lcrygsIAtg=
github.com/lib/pq v1.10.3/go.mod h1:AlVN5x4E4T544tWzH6hKfbfQvm3HdbOxrmggDNAPY9o=
github.com/pkg/errors v0.9.1 h1:FEBLx1zS214owpjy7qsBeixbURkuhQAwrK5UwLGTwt4=
github.com/pkg/errors v0.9.1/go.mod h1:bwawxfHBFNV+L2hUp1rHADufV3IMtnDRdf1r5NINEl0=
